
Microsoft Visual Studio Solution File, Format Version 12.00
# Visual Studio Version 16
VisualStudioVersion = 16.0.32126.315
MinimumVisualStudioVersion = 10.0.40219.1
Project("{9A19103F-16F7-4668-BE54-9A1E7A4F7556}") = "AnimalPaws", "AnimalPaws\AnimalPaws.csproj", "{F3BF87E5-A558-47DE-8A8C-A3556F76F69A}"
EndProject
Project("{9A19103F-16F7-4668-BE54-9A1E7A4F7556}") = "AnimalPaws.Model", "AnimalPaws.Model\AnimalPaws.Model.csproj", "{7D4AD663-0EBF-49C4-B7A9-2B68137D5C33}"
EndProject
Project("{FAE04EC0-301F-11D3-BF4B-00C04F79EFBC}") = "AnimalPaws.Data", "AnimalPaws.Data\AnimalPaws.Data.csproj", "{76C30DAC-FCDD-4927-8B4A-5606237D952F}"
EndProject
Global
	GlobalSection(SolutionConfigurationPlatforms) = preSolution
		Debug|Any CPU = Debug|Any CPU
		Release|Any CPU = Release|Any CPU
	EndGlobalSection
	GlobalSection(ProjectConfigurationPlatforms) = postSolution
		{F3BF87E5-A558-47DE-8A8C-A3556F76F69A}.Debug|Any CPU.ActiveCfg = Debug|Any CPU
		{F3BF87E5-A558-47DE-8A8C-A3556F76F69A}.Debug|Any CPU.Build.0 = Debug|Any CPU
		{F3BF87E5-A558-47DE-8A8C-A3556F76F69A}.Release|Any CPU.ActiveCfg = Release|Any CPU
		{F3BF87E5-A558-47DE-8A8C-A3556F76F69A}.Release|Any CPU.Build.0 = Release|Any CPU
		{7D4AD663-0EBF-49C4-B7A9-2B68137D5C33}.Debug|Any CPU.ActiveCfg = Debug|Any CPU
		{7D4AD663-0EBF-49C4-B7A9-2B68137D5C33}.Debug|Any CPU.Build.0 = Debug|Any CPU
		{7D4AD663-0EBF-49C4-B7A9-2B68137D5C33}.Release|Any CPU.ActiveCfg = Release|Any CPU
		{7D4AD663-0EBF-49C4-B7A9-2B68137D5C33}.Release|Any CPU.Build.0 = Release|Any CPU
		{76C30DAC-FCDD-4927-8B4A-5606237D952F}.Debug|Any CPU.ActiveCfg = Debug|Any CPU
		{76C30DAC-FCDD-4927-8B4A-5606237D952F}.Debug|Any CPU.Build.0 = Debug|Any CPU
		{76C30DAC-FCDD-4927-8B4A-5606237D952F}.Release|Any CPU.ActiveCfg = Release|Any CPU
		{76C30DAC-FCDD-4927-8B4A-5606237D952F}.Release|Any CPU.Build.0 = Release|Any CPU
	EndGlobalSection
	GlobalSection(SolutionProperties) = preSolution
		HideSolutionNode = FALSE
	EndGlobalSection
	GlobalSection(ExtensibilityGlobals) = postSolution
		SolutionGuid = {A2C96A1F-5385-4C88-95B2-27391ED453ED}
	EndGlobalSection
EndGlobal
